// !$*UTF8*$!
{
	archiveVersion = 1;
	classes = {
	};
	objectVersion = 46;
	objects = {

/* Begin PBXBuildFile section */
		4D817B6615599E300098A2A9 /* UIKit.framework in Frameworks */ = {isa = PBXBuildFile; fileRef = 4D817B6515599E300098A2A9 /* UIKit.framework */; };
		4D817B6815599E300098A2A9 /* Foundation.framework in Frameworks */ = {isa = PBXBuildFile; fileRef = 4D817B6715599E300098A2A9 /* Foundation.framework */; };
		4D817B6A15599E300098A2A9 /* CoreGraphics.framework in Frameworks */ = {isa = PBXBuildFile; fileRef = 4D817B6915599E300098A2A9 /* CoreGraphics.framework */; };
		4D817B7015599E300098A2A9 /* InfoPlist.strings in Resources */ = {isa = PBXBuildFile; fileRef = 4D817B6E15599E300098A2A9 /* InfoPlist.strings */; };
		4D817B7215599E300098A2A9 /* main.m in Sources */ = {isa = PBXBuildFile; fileRef = 4D817B7115599E300098A2A9 /* main.m */; };
		4D817B7615599E300098A2A9 /* MDAppDelegate.m in Sources */ = {isa = PBXBuildFile; fileRef = 4D817B7515599E300098A2A9 /* MDAppDelegate.m */; };
		4D817B7915599E300098A2A9 /* MDViewController.m in Sources */ = {isa = PBXBuildFile; fileRef = 4D817B7815599E300098A2A9 /* MDViewController.m */; };
		4D817B8C15599FC30098A2A9 /* MDPictureSourceSheet.m in Sources */ = {isa = PBXBuildFile; fileRef = 4D817B8B15599FC30098A2A9 /* MDPictureSourceSheet.m */; };
		4D817B92156AC4A50098A2A9 /* NoImagePlaceholder.png in Resources */ = {isa = PBXBuildFile; fileRef = 4D817B90156AC4A50098A2A9 /* NoImagePlaceholder.png */; };
		4D817B93156AC4A50098A2A9 /* NoImagePlaceholder@2x.png in Resources */ = {isa = PBXBuildFile; fileRef = 4D817B91156AC4A50098A2A9 /* NoImagePlaceholder@2x.png */; };
		4D817B94156ACEF30098A2A9 /* MDViewController_iPhone.xib in Resources */ = {isa = PBXBuildFile; fileRef = 4D817B95156ACEF30098A2A9 /* MDViewController_iPhone.xib */; };
		4D817B96156ACEF90098A2A9 /* MDViewController_iPad.xib in Resources */ = {isa = PBXBuildFile; fileRef = 4D817B97156ACEF90098A2A9 /* MDViewController_iPad.xib */; };
/* End PBXBuildFile section */

/* Begin PBXFileReference section */
		4D817B6115599E300098A2A9 /* MDPictureSourceSheetExample.app */ = {isa = PBXFileReference; explicitFileType = wrapper.application; includeInIndex = 0; path = MDPictureSourceSheetExample.app; sourceTree = BUILT_PRODUCTS_DIR; };
		4D817B6515599E300098A2A9 /* UIKit.framework */ = {isa = PBXFileReference; lastKnownFileType = wrapper.framework; name = UIKit.framework; path = System/Library/Frameworks/UIKit.framework; sourceTree = SDKROOT; };
		4D817B6715599E300098A2A9 /* Foundation.framework */ = {isa = PBXFileReference; lastKnownFileType = wrapper.framework; name = Foundation.framework; path = System/Library/Frameworks/Foundation.framework; sourceTree = SDKROOT; };
		4D817B6915599E300098A2A9 /* CoreGraphics.framework */ = {isa = PBXFileReference; lastKnownFileType = wrapper.framework; name = CoreGraphics.framework; path = System/Library/Frameworks/CoreGraphics.framework; sourceTree = SDKROOT; };
		4D817B6D15599E300098A2A9 /* MDPictureSourceSheetExample-Info.plist */ = {isa = PBXFileReference; lastKnownFileType = text.plist.xml; path = "MDPictureSourceSheetExample-Info.plist"; sourceTree = "<group>"; };
		4D817B6F15599E300098A2A9 /* en */ = {isa = PBXFileReference; lastKnownFileType = text.plist.strings; name = en; path = en.lproj/InfoPlist.strings; sourceTree = "<group>"; };
		4D817B7115599E300098A2A9 /* main.m */ = {isa = PBXFileReference; lastKnownFileType = sourcecode.c.objc; path = main.m; sourceTree = "<group>"; };
		4D817B7315599E300098A2A9 /* MDPictureSourceSheetExample-Prefix.pch */ = {isa = PBXFileReference; lastKnownFileType = sourcecode.c.h; path = "MDPictureSourceSheetExample-Prefix.pch"; sourceTree = "<group>"; };
		4D817B7415599E300098A2A9 /* MDAppDelegate.h */ = {isa = PBXFileReference; lastKnownFileType = sourcecode.c.h; path = MDAppDelegate.h; sourceTree = "<group>"; };
		4D817B7515599E300098A2A9 /* MDAppDelegate.m */ = {isa = PBXFileReference; lastKnownFileType = sourcecode.c.objc; path = MDAppDelegate.m; sourceTree = "<group>"; };
		4D817B7715599E300098A2A9 /* MDViewController.h */ = {isa = PBXFileReference; lastKnownFileType = sourcecode.c.h; path = MDViewController.h; sourceTree = "<group>"; };
		4D817B7815599E300098A2A9 /* MDViewController.m */ = {isa = PBXFileReference; lastKnownFileType = sourcecode.c.objc; path = MDViewController.m; sourceTree = "<group>"; };
		4D817B8A15599FC30098A2A9 /* MDPictureSourceSheet.h */ = {isa = PBXFileReference; fileEncoding = 4; lastKnownFileType = sourcecode.c.h; path = MDPictureSourceSheet.h; sourceTree = "<group>"; };
		4D817B8B15599FC30098A2A9 /* MDPictureSourceSheet.m */ = {isa = PBXFileReference; fileEncoding = 4; lastKnownFileType = sourcecode.c.objc; path = MDPictureSourceSheet.m; sourceTree = "<group>"; };
		4D817B90156AC4A50098A2A9 /* NoImagePlaceholder.png */ = {isa = PBXFileReference; lastKnownFileType = image.png; name = NoImagePlaceholder.png; path = Resources/NoImagePlaceholder.png; sourceTree = "<group>"; };
		4D817B91156AC4A50098A2A9 /* NoImagePlaceholder@2x.png */ = {isa = PBXFileReference; lastKnownFileType = image.png; name = "NoImagePlaceholder@2x.png"; path = "Resources/NoImagePlaceholder@2x.png"; sourceTree = "<group>"; };
		4D817B95156ACEF30098A2A9 /* MDViewController_iPhone.xib */ = {isa = PBXFileReference; lastKnownFileType = file.xib; path = MDViewController_iPhone.xib; sourceTree = "<group>"; };
		4D817B97156ACEF90098A2A9 /* MDViewController_iPad.xib */ = {isa = PBXFileReference; lastKnownFileType = file.xib; path = MDViewController_iPad.xib; sourceTree = "<group>"; };
/* End PBXFileReference section */

/* Begin PBXFrameworksBuildPhase section */
		4D817B5E15599E300098A2A9 /* Frameworks */ = {
			isa = PBXFrameworksBuildPhase;
			buildActionMask = 2147483647;
			files = (
				4D817B6615599E300098A2A9 /* UIKit.framework in Frameworks */,
				4D817B6815599E300098A2A9 /* Foundation.framework in Frameworks */,
				4D817B6A15599E300098A2A9 /* CoreGraphics.framework in Frameworks */,
			);
			runOnlyForDeploymentPostprocessing = 0;
		};
/* End PBXFrameworksBuildPhase section */

/* Begin PBXGroup section */
		4D817B5615599E2F0098A2A9 = {
			isa = PBXGroup;
			children = (
				4D817B6B15599E300098A2A9 /* MDPictureSourceSheetExample */,
				4D817B6415599E300098A2A9 /* Frameworks */,
				4D817B6215599E300098A2A9 /* Products */,
			);
			sourceTree = "<group>";
		};
		4D817B6215599E300098A2A9 /* Products */ = {
			isa = PBXGroup;
			children = (
				4D817B6115599E300098A2A9 /* MDPictureSourceSheetExample.app */,
			);
			name = Products;
			sourceTree = "<group>";
		};
		4D817B6415599E300098A2A9 /* Frameworks */ = {
			isa = PBXGroup;
			children = (
				4D817B6515599E300098A2A9 /* UIKit.framework */,
				4D817B6715599E300098A2A9 /* Foundation.framework */,
				4D817B6915599E300098A2A9 /* CoreGraphics.framework */,
			);
			name = Frameworks;
			sourceTree = "<group>";
		};
		4D817B6B15599E300098A2A9 /* MDPictureSourceSheetExample */ = {
			isa = PBXGroup;
			children = (
				4D817B8915599FC30098A2A9 /* MDPictureSourceSheet */,
				4D817B8E156AC48B0098A2A9 /* Resources */,
				4D817B7415599E300098A2A9 /* MDAppDelegate.h */,
				4D817B7515599E300098A2A9 /* MDAppDelegate.m */,
				4D817B7715599E300098A2A9 /* MDViewController.h */,
				4D817B7815599E300098A2A9 /* MDViewController.m */,
				4D817B95156ACEF30098A2A9 /* MDViewController_iPhone.xib */,
				4D817B97156ACEF90098A2A9 /* MDViewController_iPad.xib */,
				4D817B6C15599E300098A2A9 /* Supporting Files */,
			);
			path = MDPictureSourceSheetExample;
			sourceTree = "<group>";
		};
		4D817B6C15599E300098A2A9 /* Supporting Files */ = {
			isa = PBXGroup;
			children = (
				4D817B6D15599E300098A2A9 /* MDPictureSourceSheetExample-Info.plist */,
				4D817B6E15599E300098A2A9 /* InfoPlist.strings */,
				4D817B7115599E300098A2A9 /* main.m */,
				4D817B7315599E300098A2A9 /* MDPictureSourceSheetExample-Prefix.pch */,
			);
			name = "Supporting Files";
			sourceTree = "<group>";
		};
		4D817B8915599FC30098A2A9 /* MDPictureSourceSheet */ = {
			isa = PBXGroup;
			children = (
				4D817B8A15599FC30098A2A9 /* MDPictureSourceSheet.h */,
				4D817B8B15599FC30098A2A9 /* MDPictureSourceSheet.m */,
			);
			name = MDPictureSourceSheet;
			path = ../../MDPictureSourceSheet;
			sourceTree = "<group>";
		};
		4D817B8E156AC48B0098A2A9 /* Resources */ = {
			isa = PBXGroup;
			children = (
				4D817B90156AC4A50098A2A9 /* NoImagePlaceholder.png */,
				4D817B91156AC4A50098A2A9 /* NoImagePlaceholder@2x.png */,
			);
			name = Resources;
			sourceTree = "<group>";
		};
/* End PBXGroup section */

/* Begin PBXNativeTarget section */
		4D817B6015599E300098A2A9 /* MDPictureSourceSheetExample */ = {
			isa = PBXNativeTarget;
			buildConfigurationList = 4D817B8215599E300098A2A9 /* Build configuration list for PBXNativeTarget "MDPictureSourceSheetExample" */;
			buildPhases = (
				4D817B5D15599E300098A2A9 /* Sources */,
				4D817B5E15599E300098A2A9 /* Frameworks */,
				4D817B5F15599E300098A2A9 /* Resources */,
			);
			buildRules = (
			);
			dependencies = (
			);
			name = MDPictureSourceSheetExample;
			productName = MDPictureSourceSheetExample;
			productReference = 4D817B6115599E300098A2A9 /* MDPictureSourceSheetExample.app */;
			productType = "com.apple.product-type.application";
		};
/* End PBXNativeTarget section */

/* Begin PBXProject section */
		4D817B5815599E2F0098A2A9 /* Project object */ = {
			isa = PBXProject;
			attributes = {
				CLASSPREFIX = MD;
				LastUpgradeCheck = 0430;
				ORGANIZATIONNAME = "Mark Danks";
			};
			buildConfigurationList = 4D817B5B15599E2F0098A2A9 /* Build configuration list for PBXProject "MDPictureSourceSheetExample" */;
			compatibilityVersion = "Xcode 3.2";
			developmentRegion = English;
			hasScannedForEncodings = 0;
			knownRegions = (
				en,
			);
			mainGroup = 4D817B5615599E2F0098A2A9;
			productRefGroup = 4D817B6215599E300098A2A9 /* Products */;
			projectDirPath = "";
			projectRoot = "";
			targets = (
				4D817B6015599E300098A2A9 /* MDPictureSourceSheetExample */,
			);
		};
/* End PBXProject section */

/* Begin PBXResourcesBuildPhase section */
		4D817B5F15599E300098A2A9 /* Resources */ = {
			isa = PBXResourcesBuildPhase;
			buildActionMask = 2147483647;
			files = (
				4D817B7015599E300098A2A9 /* InfoPlist.strings in Resources */,
				4D817B94156ACEF30098A2A9 /* MDViewController_iPhone.xib in Resources */,
				4D817B96156ACEF90098A2A9 /* MDViewController_iPad.xib in Resources */,
				4D817B92156AC4A50098A2A9 /* NoImagePlaceholder.png in Resources */,
				4D817B93156AC4A50098A2A9 /* NoImagePlaceholder@2x.png in Resources */,
			);
			runOnlyForDeploymentPostprocessing = 0;
		};
/* End PBXResourcesBuildPhase section */

/* Begin PBXSourcesBuildPhase section */
		4D817B5D15599E300098A2A9 /* Sources */ = {
			isa = PBXSourcesBuildPhase;
			buildActionMask = 2147483647;
			files = (
				4D817B7215599E300098A2A9 /* main.m in Sources */,
				4D817B7615599E300098A2A9 /* MDAppDelegate.m in Sources */,
				4D817B7915599E300098A2A9 /* MDViewController.m in Sources */,
				4D817B8C15599FC30098A2A9 /* MDPictureSourceSheet.m in Sources */,
			);
			runOnlyForDeploymentPostprocessing = 0;
		};
/* End PBXSourcesBuildPhase section */

/* Begin PBXVariantGroup section */
		4D817B6E15599E300098A2A9 /* InfoPlist.strings */ = {
			isa = PBXVariantGroup;
			children = (
				4D817B6F15599E300098A2A9 /* en */,
			);
			name = InfoPlist.strings;
			sourceTree = "<group>";
		};
/* End PBXVariantGroup section */

/* Begin XCBuildConfiguration section */
		4D817B8015599E300098A2A9 /* Debug */ = {
			isa = XCBuildConfiguration;
			buildSettings = {
				ALWAYS_SEARCH_USER_PATHS = NO;
				ARCHS = "$(ARCHS_STANDARD_32_BIT)";
				CLANG_ENABLE_OBJC_ARC = YES;
				"CODE_SIGN_IDENTITY[sdk=iphoneos*]" = "iPhone Developer";
				COPY_PHASE_STRIP = NO;
				GCC_C_LANGUAGE_STANDARD = gnu99;
				GCC_DYNAMIC_NO_PIC = NO;
				GCC_OPTIMIZATION_LEVEL = 0;
				GCC_PREPROCESSOR_DEFINITIONS = (
					"DEBUG=1",
					"$(inherited)",
				);
				GCC_SYMBOLS_PRIVATE_EXTERN = NO;
				GCC_VERSION = com.apple.compilers.llvm.clang.1_0;
				GCC_WARN_ABOUT_RETURN_TYPE = YES;
				GCC_WARN_UNINITIALIZED_AUTOS = YES;
				GCC_WARN_UNUSED_VARIABLE = YES;
				IPHONEOS_DEPLOYMENT_TARGET = 5.1;
				SDKROOT = iphoneos;
				TARGETED_DEVICE_FAMILY = "1,2";
			};
			name = Debug;
		};
		4D817B8115599E300098A2A9 /* Release */ = {
			isa = XCBuildConfiguration;
			buildSettings = {
				ALWAYS_SEARCH_USER_PATHS = NO;
				ARCHS = "$(ARCHS_STANDARD_32_BIT)";
				CLANG_ENABLE_OBJC_ARC = YES;
				"CODE_SIGN_IDENTITY[sdk=iphoneos*]" = "iPhone Developer";
				COPY_PHASE_STRIP = YES;
				GCC_C_LANGUAGE_STANDARD = gnu99;
				GCC_VERSION = com.apple.compilers.llvm.clang.1_0;
				GCC_WARN_ABOUT_RETURN_TYPE = YES;
				GCC_WARN_UNINITIALIZED_AUTOS = YES;
				GCC_WARN_UNUSED_VARIABLE = YES;
				IPHONEOS_DEPLOYMENT_TARGET = 5.1;
				OTHER_CFLAGS = "-DNS_BLOCK_ASSERTIONS=1";
				SDKROOT = iphoneos;
				TARGETED_DEVICE_FAMILY = "1,2";
				VALIDATE_PRODUCT = YES;
			};
			name = Release;
		};
		4D817B8315599E300098A2A9 /* Debug */ = {
			isa = XCBuildConfiguration;
			buildSettings = {
				GCC_PRECOMPILE_PREFIX_HEADER = YES;
				GCC_PREFIX_HEADER = "MDPictureSourceSheetExample/MDPictureSourceSheetExample-Prefix.pch";
				INFOPLIST_FILE = "MDPictureSourceSheetExample/MDPictureSourceSheetExample-Info.plist";
				PRODUCT_NAME = "$(TARGET_NAME)";
				WRAPPER_EXTENSION = app;
			};
			name = Debug;
		};
		4D817B8415599E300098A2A9 /* Release */ = {
			isa = XCBuildConfiguration;
			buildSettings = {
				GCC_PRECOMPILE_PREFIX_HEADER = YES;
				GCC_PREFIX_HEADER = "MDPictureSourceSheetExample/MDPictureSourceSheetExample-Prefix.pch";
				INFOPLIST_FILE = "MDPictureSourceSheetExample/MDPictureSourceSheetExample-Info.plist";
				PRODUCT_NAME = "$(TARGET_NAME)";
				WRAPPER_EXTENSION = app;
			};
			name = Release;
		};
/* End XCBuildConfiguration section */

/* Begin XCConfigurationList section */
		4D817B5B15599E2F0098A2A9 /* Build configuration list for PBXProject "MDPictureSourceSheetExample" */ = {
			isa = XCConfigurationList;
			buildConfigurations = (
				4D817B8015599E300098A2A9 /* Debug */,
				4D817B8115599E300098A2A9 /* Release */,
			);
			defaultConfigurationIsVisible = 0;
			defaultConfigurationName = Release;
		};
		4D817B8215599E300098A2A9 /* Build configuration list for PBXNativeTarget "MDPictureSourceSheetExample" */ = {
			isa = XCConfigurationList;
			buildConfigurations = (
				4D817B8315599E300098A2A9 /* Debug */,
				4D817B8415599E300098A2A9 /* Release */,
			);
			defaultConfigurationIsVisible = 0;
			defaultConfigurationName = Release;
		};
/* End XCConfigurationList section */
	};
	rootObject = 4D817B5815599E2F0098A2A9 /* Project object */;
}
